
Microsoft Visual Studio Solution File, Format Version 12.00
# Visual Studio Version 17
VisualStudioVersion = 17.9.34310.174
MinimumVisualStudioVersion = 10.0.40219.1
Project("{FAE04EC0-301F-11D3-BF4B-00C04F79EFBC}") = "Web", "Web\Web.csproj", "{C52C124E-DEBC-4E4E-9EF4-3C936116D49F}"
EndProject
Project("{FAE04EC0-301F-11D3-BF4B-00C04F79EFBC}") = "CoreLayer", "CoreLayer\CoreLayer.csproj", "{97AE7077-6336-45C0-AAAC-6E4B4F0D1692}"
EndProject
Project("{FAE04EC0-301F-11D3-BF4B-00C04F79EFBC}") = "EntityLayer", "EntityLayer\EntityLayer.csproj", "{749939C7-162F-4CD0-BAE0-6F9C80C0A80C}"
EndProject
Project("{FAE04EC0-301F-11D3-BF4B-00C04F79EFBC}") = "ServiceLayer", "ServiceLayer\ServiceLayer.csproj", "{D0F3F70D-18C0-4D52-8477-E34DCFDAD4E5}"
EndProject
Project("{FAE04EC0-301F-11D3-BF4B-00C04F79EFBC}") = "RepositoryLayer", "RepositoryLayer\RepositoryLayer.csproj", "{D4F803E4-24D2-459A-ADD4-6C93AD38B7FD}"
EndProject
Global
	GlobalSection(SolutionConfigurationPlatforms) = preSolution
		Debug|Any CPU = Debug|Any CPU
		Release|Any CPU = Release|Any CPU
	EndGlobalSection
	GlobalSection(ProjectConfigurationPlatforms) = postSolution
		{C52C124E-DEBC-4E4E-9EF4-3C936116D49F}.Debug|Any CPU.ActiveCfg = Debug|Any CPU
		{C52C124E-DEBC-4E4E-9EF4-3C936116D49F}.Debug|Any CPU.Build.0 = Debug|Any CPU
		{C52C124E-DEBC-4E4E-9EF4-3C936116D49F}.Release|Any CPU.ActiveCfg = Release|Any CPU
		{C52C124E-DEBC-4E4E-9EF4-3C936116D49F}.Release|Any CPU.Build.0 = Release|Any CPU
		{97AE7077-6336-45C0-AAAC-6E4B4F0D1692}.Debug|Any CPU.ActiveCfg = Debug|Any CPU
		{97AE7077-6336-45C0-AAAC-6E4B4F0D1692}.Debug|Any CPU.Build.0 = Debug|Any CPU
		{97AE7077-6336-45C0-AAAC-6E4B4F0D1692}.Release|Any CPU.ActiveCfg = Release|Any CPU
		{97AE7077-6336-45C0-AAAC-6E4B4F0D1692}.Release|Any CPU.Build.0 = Release|Any CPU
		{749939C7-162F-4CD0-BAE0-6F9C80C0A80C}.Debug|Any CPU.ActiveCfg = Debug|Any CPU
		{749939C7-162F-4CD0-BAE0-6F9C80C0A80C}.Debug|Any CPU.Build.0 = Debug|Any CPU
		{749939C7-162F-4CD0-BAE0-6F9C80C0A80C}.Release|Any CPU.ActiveCfg = Release|Any CPU
		{749939C7-162F-4CD0-BAE0-6F9C80C0A80C}.Release|Any CPU.Build.0 = Release|Any CPU
		{D0F3F70D-18C0-4D52-8477-E34DCFDAD4E5}.Debug|Any CPU.ActiveCfg = Debug|Any CPU
		{D0F3F70D-18C0-4D52-8477-E34DCFDAD4E5}.Debug|Any CPU.Build.0 = Debug|Any CPU
		{D0F3F70D-18C0-4D52-8477-E34DCFDAD4E5}.Release|Any CPU.ActiveCfg = Release|Any CPU
		{D0F3F70D-18C0-4D52-8477-E34DCFDAD4E5}.Release|Any CPU.Build.0 = Release|Any CPU
		{D4F803E4-24D2-459A-ADD4-6C93AD38B7FD}.Debug|Any CPU.ActiveCfg = Debug|Any CPU
		{D4F803E4-24D2-459A-ADD4-6C93AD38B7FD}.Debug|Any CPU.Build.0 = Debug|Any CPU
		{D4F803E4-24D2-459A-ADD4-6C93AD38B7FD}.Release|Any CPU.ActiveCfg = Release|Any CPU
		{D4F803E4-24D2-459A-ADD4-6C93AD38B7FD}.Release|Any CPU.Build.0 = Release|Any CPU
	EndGlobalSection
	GlobalSection(SolutionProperties) = preSolution
		HideSolutionNode = FALSE
	EndGlobalSection
	GlobalSection(ExtensibilityGlobals) = postSolution
		SolutionGuid = {8EE96E78-4A0C-4D70-82EE-1B3E5788DC18}
	EndGlobalSection
EndGlobal
